
Microsoft Visual Studio Solution File, Format Version 12.00
# Visual Studio 15
VisualStudioVersion = 15.0.28307.779
MinimumVisualStudioVersion = 10.0.40219.1
Project("{FAE04EC0-301F-11D3-BF4B-00C04F79EFBC}") = "WebAPI", "WebAPI\WebAPI.csproj", "{6B3C5CC4-8EF7-489F-889A-688D4811C040}"
EndProject
Global
	GlobalSection(SolutionConfigurationPlatforms) = preSolution
		Debug|Any CPU = Debug|Any CPU
		Release|Any CPU = Release|Any CPU
	EndGlobalSection
	GlobalSection(ProjectConfigurationPlatforms) = postSolution
		{6B3C5CC4-8EF7-489F-889A-688D4811C040}.Debug|Any CPU.ActiveCfg = Debug|Any CPU
		{6B3C5CC4-8EF7-489F-889A-688D4811C040}.Debug|Any CPU.Build.0 = Debug|Any CPU
		{6B3C5CC4-8EF7-489F-889A-688D4811C040}.Release|Any CPU.ActiveCfg = Release|Any CPU
		{6B3C5CC4-8EF7-489F-889A-688D4811C040}.Release|Any CPU.Build.0 = Release|Any CPU
	EndGlobalSection
	GlobalSection(SolutionProperties) = preSolution
		HideSolutionNode = FALSE
	EndGlobalSection
	GlobalSection(ExtensibilityGlobals) = postSolution
		SolutionGuid = {30840392-3E5C-46B2-9D33-5E4FF33783CE}
	EndGlobalSection
EndGlobal
